// !$*UTF8*$!
{
	archiveVersion = 1;
	classes = {
	};
	objectVersion = 50;
	objects = {

/* Begin PBXBuildFile section */
		88156852242B67FA00CFB5D6 /* AppDelegate.swift in Sources */ = {isa = PBXBuildFile; fileRef = 88156851242B67FA00CFB5D6 /* AppDelegate.swift */; };
		88156854242B67FA00CFB5D6 /* SceneDelegate.swift in Sources */ = {isa = PBXBuildFile; fileRef = 88156853242B67FA00CFB5D6 /* SceneDelegate.swift */; };
		88156856242B67FA00CFB5D6 /* ContentView.swift in Sources */ = {isa = PBXBuildFile; fileRef = 88156855242B67FA00CFB5D6 /* ContentView.swift */; };
		88156858242B67FC00CFB5D6 /* Assets.xcassets in Resources */ = {isa = PBXBuildFile; fileRef = 88156857242B67FC00CFB5D6 /* Assets.xcassets */; };
		8815685B242B67FC00CFB5D6 /* Preview Assets.xcassets in Resources */ = {isa = PBXBuildFile; fileRef = 8815685A242B67FC00CFB5D6 /* Preview Assets.xcassets */; };
		8815685E242B67FC00CFB5D6 /* LaunchScreen.storyboard in Resources */ = {isa = PBXBuildFile; fileRef = 8815685C242B67FC00CFB5D6 /* LaunchScreen.storyboard */; };
		88156867242B6A8900CFB5D6 /* Pacifico-Regular.ttf in Resources */ = {isa = PBXBuildFile; fileRef = 88156866242B6A8900CFB5D6 /* Pacifico-Regular.ttf */; };
		88540A23242B7D980061E6A9 /* InfoView.swift in Sources */ = {isa = PBXBuildFile; fileRef = 88540A22242B7D980061E6A9 /* InfoView.swift */; };
/* End PBXBuildFile section */

/* Begin PBXFileReference section */
		8815684E242B67FA00CFB5D6 /* LorenzoCard.app */ = {isa = PBXFileReference; explicitFileType = wrapper.application; includeInIndex = 0; path = LorenzoCard.app; sourceTree = BUILT_PRODUCTS_DIR; };
		88156851242B67FA00CFB5D6 /* AppDelegate.swift */ = {isa = PBXFileReference; lastKnownFileType = sourcecode.swift; path = AppDelegate.swift; sourceTree = "<group>"; };
		88156853242B67FA00CFB5D6 /* SceneDelegate.swift */ = {isa = PBXFileReference; lastKnownFileType = sourcecode.swift; path = SceneDelegate.swift; sourceTree = "<group>"; };
		88156855242B67FA00CFB5D6 /* ContentView.swift */ = {isa = PBXFileReference; lastKnownFileType = sourcecode.swift; path = ContentView.swift; sourceTree = "<group>"; };
		88156857242B67FC00CFB5D6 /* Assets.xcassets */ = {isa = PBXFileReference; lastKnownFileType = folder.assetcatalog; path = Assets.xcassets; sourceTree = "<group>"; };
		8815685A242B67FC00CFB5D6 /* Preview Assets.xcassets */ = {isa = PBXFileReference; lastKnownFileType = folder.assetcatalog; path = "Preview Assets.xcassets"; sourceTree = "<group>"; };
		8815685D242B67FC00CFB5D6 /* Base */ = {isa = PBXFileReference; lastKnownFileType = file.storyboard; name = Base; path = Base.lproj/LaunchScreen.storyboard; sourceTree = "<group>"; };
		8815685F242B67FC00CFB5D6 /* Info.plist */ = {isa = PBXFileReference; lastKnownFileType = text.plist.xml; path = Info.plist; sourceTree = "<group>"; };
		88156866242B6A8900CFB5D6 /* Pacifico-Regular.ttf */ = {isa = PBXFileReference; lastKnownFileType = file; path = "Pacifico-Regular.ttf"; sourceTree = "<group>"; };
		88540A22242B7D980061E6A9 /* InfoView.swift */ = {isa = PBXFileReference; lastKnownFileType = sourcecode.swift; path = InfoView.swift; sourceTree = "<group>"; };
/* End PBXFileReference section */

/* Begin PBXFrameworksBuildPhase section */
		8815684B242B67FA00CFB5D6 /* Frameworks */ = {
			isa = PBXFrameworksBuildPhase;
			buildActionMask = 2147483647;
			files = (
			);
			runOnlyForDeploymentPostprocessing = 0;
		};
/* End PBXFrameworksBuildPhase section */

/* Begin PBXGroup section */
		88156845242B67FA00CFB5D6 = {
			isa = PBXGroup;
			children = (
				88156850242B67FA00CFB5D6 /* LorenzoCard */,
				8815684F242B67FA00CFB5D6 /* Products */,
			);
			sourceTree = "<group>";
		};
		8815684F242B67FA00CFB5D6 /* Products */ = {
			isa = PBXGroup;
			children = (
				8815684E242B67FA00CFB5D6 /* LorenzoCard.app */,
			);
			name = Products;
			sourceTree = "<group>";
		};
		88156850242B67FA00CFB5D6 /* LorenzoCard */ = {
			isa = PBXGroup;
			children = (
				88156865242B6A7900CFB5D6 /* fonts */,
				88156851242B67FA00CFB5D6 /* AppDelegate.swift */,
				88156853242B67FA00CFB5D6 /* SceneDelegate.swift */,
				88156855242B67FA00CFB5D6 /* ContentView.swift */,
				88540A22242B7D980061E6A9 /* InfoView.swift */,
				88156857242B67FC00CFB5D6 /* Assets.xcassets */,
				8815685C242B67FC00CFB5D6 /* LaunchScreen.storyboard */,
				8815685F242B67FC00CFB5D6 /* Info.plist */,
				88156859242B67FC00CFB5D6 /* Preview Content */,
			);
			path = LorenzoCard;
			sourceTree = "<group>";
		};
		88156859242B67FC00CFB5D6 /* Preview Content */ = {
			isa = PBXGroup;
			children = (
				8815685A242B67FC00CFB5D6 /* Preview Assets.xcassets */,
			);
			path = "Preview Content";
			sourceTree = "<group>";
		};
		88156865242B6A7900CFB5D6 /* fonts */ = {
			isa = PBXGroup;
			children = (
				88156866242B6A8900CFB5D6 /* Pacifico-Regular.ttf */,
			);
			path = fonts;
			sourceTree = "<group>";
		};
/* End PBXGroup section */

/* Begin PBXNativeTarget section */
		8815684D242B67FA00CFB5D6 /* LorenzoCard */ = {
			isa = PBXNativeTarget;
			buildConfigurationList = 88156862242B67FC00CFB5D6 /* Build configuration list for PBXNativeTarget "LorenzoCard" */;
			buildPhases = (
				8815684A242B67FA00CFB5D6 /* Sources */,
				8815684B242B67FA00CFB5D6 /* Frameworks */,
				8815684C242B67FA00CFB5D6 /* Resources */,
			);
			buildRules = (
			);
			dependencies = (
			);
			name = LorenzoCard;
			productName = LorenzoCard;
			productReference = 8815684E242B67FA00CFB5D6 /* LorenzoCard.app */;
			productType = "com.apple.product-type.application";
		};
/* End PBXNativeTarget section */

/* Begin PBXProject section */
		88156846242B67FA00CFB5D6 /* Project object */ = {
			isa = PBXProject;
			attributes = {
				LastSwiftUpdateCheck = 1130;
				LastUpgradeCheck = 1130;
				ORGANIZATIONNAME = "Lorenzo Masucci";
				TargetAttributes = {
					8815684D242B67FA00CFB5D6 = {
						CreatedOnToolsVersion = 11.3.1;
					};
				};
			};
			buildConfigurationList = 88156849242B67FA00CFB5D6 /* Build configuration list for PBXProject "LorenzoCard" */;
			compatibilityVersion = "Xcode 9.3";
			developmentRegion = en;
			hasScannedForEncodings = 0;
			knownRegions = (
				en,
				Base,
			);
			mainGroup = 88156845242B67FA00CFB5D6;
			productRefGroup = 8815684F242B67FA00CFB5D6 /* Products */;
			projectDirPath = "";
			projectRoot = "";
			targets = (
				8815684D242B67FA00CFB5D6 /* LorenzoCard */,
			);
		};
/* End PBXProject section */

/* Begin PBXResourcesBuildPhase section */
		8815684C242B67FA00CFB5D6 /* Resources */ = {
			isa = PBXResourcesBuildPhase;
			buildActionMask = 2147483647;
			files = (
				8815685E242B67FC00CFB5D6 /* LaunchScreen.storyboard in Resources */,
				88156867242B6A8900CFB5D6 /* Pacifico-Regular.ttf in Resources */,
				8815685B242B67FC00CFB5D6 /* Preview Assets.xcassets in Resources */,
				88156858242B67FC00CFB5D6 /* Assets.xcassets in Resources */,
			);
			runOnlyForDeploymentPostprocessing = 0;
		};
/* End PBXResourcesBuildPhase section */

/* Begin PBXSourcesBuildPhase section */
		8815684A242B67FA00CFB5D6 /* Sources */ = {
			isa = PBXSourcesBuildPhase;
			buildActionMask = 2147483647;
			files = (
				88540A23242B7D980061E6A9 /* InfoView.swift in Sources */,
				88156852242B67FA00CFB5D6 /* AppDelegate.swift in Sources */,
				88156854242B67FA00CFB5D6 /* SceneDelegate.swift in Sources */,
				88156856242B67FA00CFB5D6 /* ContentView.swift in Sources */,
			);
			runOnlyForDeploymentPostprocessing = 0;
		};
/* End PBXSourcesBuildPhase section */

/* Begin PBXVariantGroup section */
		8815685C242B67FC00CFB5D6 /* LaunchScreen.storyboard */ = {
			isa = PBXVariantGroup;
			children = (
				8815685D242B67FC00CFB5D6 /* Base */,
			);
			name = LaunchScreen.storyboard;
			sourceTree = "<group>";
		};
/* End PBXVariantGroup section */

/* Begin XCBuildConfiguration section */
		88156860242B67FC00CFB5D6 /* Debug */ = {
			isa = XCBuildConfiguration;
			buildSettings = {
				ALWAYS_SEARCH_USER_PATHS = NO;
				CLANG_ANALYZER_NONNULL = YES;
				CLANG_ANALYZER_NUMBER_OBJECT_CONVERSION = YES_AGGRESSIVE;
				CLANG_CXX_LANGUAGE_STANDARD = "gnu++14";
				CLANG_CXX_LIBRARY = "libc++";
				CLANG_ENABLE_MODULES = YES;
				CLANG_ENABLE_OBJC_ARC = YES;
				CLANG_ENABLE_OBJC_WEAK = YES;
				CLANG_WARN_BLOCK_CAPTURE_AUTORELEASING = YES;
				CLANG_WARN_BOOL_CONVERSION = YES;
				CLANG_WARN_COMMA = YES;
				CLANG_WARN_CONSTANT_CONVERSION = YES;
				CLANG_WARN_DEPRECATED_OBJC_IMPLEMENTATIONS = YES;
				CLANG_WARN_DIRECT_OBJC_ISA_USAGE = YES_ERROR;
				CLANG_WARN_DOCUMENTATION_COMMENTS = YES;
				CLANG_WARN_EMPTY_BODY = YES;
				CLANG_WARN_ENUM_CONVERSION = YES;
				CLANG_WARN_INFINITE_RECURSION = YES;
				CLANG_WARN_INT_CONVERSION = YES;
				CLANG_WARN_NON_LITERAL_NULL_CONVERSION = YES;
				CLANG_WARN_OBJC_IMPLICIT_RETAIN_SELF = YES;
				CLANG_WARN_OBJC_LITERAL_CONVERSION = YES;
				CLANG_WARN_OBJC_ROOT_CLASS = YES_ERROR;
				CLANG_WARN_RANGE_LOOP_ANALYSIS = YES;
				CLANG_WARN_STRICT_PROTOTYPES = YES;
				CLANG_WARN_SUSPICIOUS_MOVE = YES;
				CLANG_WARN_UNGUARDED_AVAILABILITY = YES_AGGRESSIVE;
				CLANG_WARN_UNREACHABLE_CODE = YES;
				CLANG_WARN__DUPLICATE_METHOD_MATCH = YES;
				COPY_PHASE_STRIP = NO;
				DEBUG_INFORMATION_FORMAT = dwarf;
				ENABLE_STRICT_OBJC_MSGSEND = YES;
				ENABLE_TESTABILITY = YES;
				GCC_C_LANGUAGE_STANDARD = gnu11;
				GCC_DYNAMIC_NO_PIC = NO;
				GCC_NO_COMMON_BLOCKS = YES;
				GCC_OPTIMIZATION_LEVEL = 0;
				GCC_PREPROCESSOR_DEFINITIONS = (
					"DEBUG=1",
					"$(inherited)",
				);
				GCC_WARN_64_TO_32_BIT_CONVERSION = YES;
				GCC_WARN_ABOUT_RETURN_TYPE = YES_ERROR;
				GCC_WARN_UNDECLARED_SELECTOR = YES;
				GCC_WARN_UNINITIALIZED_AUTOS = YES_AGGRESSIVE;
				GCC_WARN_UNUSED_FUNCTION = YES;
				GCC_WARN_UNUSED_VARIABLE = YES;
				IPHONEOS_DEPLOYMENT_TARGET = 13.2;
				MTL_ENABLE_DEBUG_INFO = INCLUDE_SOURCE;
				MTL_FAST_MATH = YES;
				ONLY_ACTIVE_ARCH = YES;
				SDKROOT = iphoneos;
				SWIFT_ACTIVE_COMPILATION_CONDITIONS = DEBUG;
				SWIFT_OPTIMIZATION_LEVEL = "-Onone";
			};
			name = Debug;
		};
		88156861242B67FC00CFB5D6 /* Release */ = {
			isa = XCBuildConfiguration;
			buildSettings = {
				ALWAYS_SEARCH_USER_PATHS = NO;
				CLANG_ANALYZER_NONNULL = YES;
				CLANG_ANALYZER_NUMBER_OBJECT_CONVERSION = YES_AGGRESSIVE;
				CLANG_CXX_LANGUAGE_STANDARD = "gnu++14";
				CLANG_CXX_LIBRARY = "libc++";
				CLANG_ENABLE_MODULES = YES;
				CLANG_ENABLE_OBJC_ARC = YES;
				CLANG_ENABLE_OBJC_WEAK = YES;
				CLANG_WARN_BLOCK_CAPTURE_AUTORELEASING = YES;
				CLANG_WARN_BOOL_CONVERSION = YES;
				CLANG_WARN_COMMA = YES;
				CLANG_WARN_CONSTANT_CONVERSION = YES;
				CLANG_WARN_DEPRECATED_OBJC_IMPLEMENTATIONS = YES;
				CLANG_WARN_DIRECT_OBJC_ISA_USAGE = YES_ERROR;
				CLANG_WARN_DOCUMENTATION_COMMENTS = YES;
				CLANG_WARN_EMPTY_BODY = YES;
				CLANG_WARN_ENUM_CONVERSION = YES;
				CLANG_WARN_INFINITE_RECURSION = YES;
				CLANG_WARN_INT_CONVERSION = YES;
				CLANG_WARN_NON_LITERAL_NULL_CONVERSION = YES;
				CLANG_WARN_OBJC_IMPLICIT_RETAIN_SELF = YES;
				CLANG_WARN_OBJC_LITERAL_CONVERSION = YES;
				CLANG_WARN_OBJC_ROOT_CLASS = YES_ERROR;
				CLANG_WARN_RANGE_LOOP_ANALYSIS = YES;
				CLANG_WARN_STRICT_PROTOTYPES = YES;
				CLANG_WARN_SUSPICIOUS_MOVE = YES;
				CLANG_WARN_UNGUARDED_AVAILABILITY = YES_AGGRESSIVE;
				CLANG_WARN_UNREACHABLE_CODE = YES;
				CLANG_WARN__DUPLICATE_METHOD_MATCH = YES;
				COPY_PHASE_STRIP = NO;
				DEBUG_INFORMATION_FORMAT = "dwarf-with-dsym";
				ENABLE_NS_ASSERTIONS = NO;
				ENABLE_STRICT_OBJC_MSGSEND = YES;
				GCC_C_LANGUAGE_STANDARD = gnu11;
				GCC_NO_COMMON_BLOCKS = YES;
				GCC_WARN_64_TO_32_BIT_CONVERSION = YES;
				GCC_WARN_ABOUT_RETURN_TYPE = YES_ERROR;
				GCC_WARN_UNDECLARED_SELECTOR = YES;
				GCC_WARN_UNINITIALIZED_AUTOS = YES_AGGRESSIVE;
				GCC_WARN_UNUSED_FUNCTION = YES;
				GCC_WARN_UNUSED_VARIABLE = YES;
				IPHONEOS_DEPLOYMENT_TARGET = 13.2;
				MTL_ENABLE_DEBUG_INFO = NO;
				MTL_FAST_MATH = YES;
				SDKROOT = iphoneos;
				SWIFT_COMPILATION_MODE = wholemodule;
				SWIFT_OPTIMIZATION_LEVEL = "-O";
				VALIDATE_PRODUCT = YES;
			};
			name = Release;
		};
		88156863242B67FC00CFB5D6 /* Debug */ = {
			isa = XCBuildConfiguration;
			buildSettings = {
				ASSETCATALOG_COMPILER_APPICON_NAME = AppIcon;
				CODE_SIGN_STYLE = Automatic;
				DEVELOPMENT_ASSET_PATHS = "\"LorenzoCard/Preview Content\"";
				DEVELOPMENT_TEAM = MS97L59777;
				ENABLE_PREVIEWS = YES;
				INFOPLIST_FILE = LorenzoCard/Info.plist;
				LD_RUNPATH_SEARCH_PATHS = (
					"$(inherited)",
					"@executable_path/Frameworks",
				);
				PRODUCT_BUNDLE_IDENTIFIER = com.lorenzomasucci.LorenzoCard;
				PRODUCT_NAME = "$(TARGET_NAME)";
				SWIFT_VERSION = 5.0;
				TARGETED_DEVICE_FAMILY = "1,2";
			};
			name = Debug;
		};
		88156864242B67FC00CFB5D6 /* Release */ = {
			isa = XCBuildConfiguration;
			buildSettings = {
				ASSETCATALOG_COMPILER_APPICON_NAME = AppIcon;
				CODE_SIGN_STYLE = Automatic;
				DEVELOPMENT_ASSET_PATHS = "\"LorenzoCard/Preview Content\"";
				DEVELOPMENT_TEAM = MS97L59777;
				ENABLE_PREVIEWS = YES;
				INFOPLIST_FILE = LorenzoCard/Info.plist;
				LD_RUNPATH_SEARCH_PATHS = (
					"$(inherited)",
					"@executable_path/Frameworks",
				);
				PRODUCT_BUNDLE_IDENTIFIER = com.lorenzomasucci.LorenzoCard;
				PRODUCT_NAME = "$(TARGET_NAME)";
				SWIFT_VERSION = 5.0;
				TARGETED_DEVICE_FAMILY = "1,2";
			};
			name = Release;
		};
/* End XCBuildConfiguration section */

/* Begin XCConfigurationList section */
		88156849242B67FA00CFB5D6 /* Build configuration list for PBXProject "LorenzoCard" */ = {
			isa = XCConfigurationList;
			buildConfigurations = (
				88156860242B67FC00CFB5D6 /* Debug */,
				88156861242B67FC00CFB5D6 /* Release */,
			);
			defaultConfigurationIsVisible = 0;
			defaultConfigurationName = Release;
		};
		88156862242B67FC00CFB5D6 /* Build configuration list for PBXNativeTarget "LorenzoCard" */ = {
			isa = XCConfigurationList;
			buildConfigurations = (
				88156863242B67FC00CFB5D6 /* Debug */,
				88156864242B67FC00CFB5D6 /* Release */,
			);
			defaultConfigurationIsVisible = 0;
			defaultConfigurationName = Release;
		};
/* End XCConfigurationList section */
	};
	rootObject = 88156846242B67FA00CFB5D6 /* Project object */;
}
